{
  "pins" : [
    {
      "identity" : "connectrest",
      "kind" : "remoteSourceControl",
      "location" : "https://github.com/ace1ofspades/ConnectREST",
      "state" : {
        "branch" : "master",
        "revision" : "5fca833422bfa618901833a86d949f51f2d91758"
      }
    }
  ],
  "version" : 2
}
