{
  "pins" : [
    {
      "identity" : "connectrest",
      "kind" : "remoteSourceControl",
      "location" : "https://github.com/ace1ofspades/ConnectREST",
      "state" : {
        "branch" : "master",
        "revision" : "0a81941c56e1c5a3b8fa4ca29141194fdeebc3d4"
      }
    },
    {
      "identity" : "mapstruct",
      "kind" : "remoteSourceControl",
      "location" : "https://github.com/ace1ofspades/MapStruct",
      "state" : {
        "branch" : "master",
        "revision" : "6604b1418c80201d0d65ae08381d16dfcd0b1a0d"
      }
    }
  ],
  "version" : 2
}
