{
  "pins" : [
    {
      "identity" : "connectrest",
      "kind" : "remoteSourceControl",
      "location" : "https://github.com/ace1ofspades/ConnectREST",
      "state" : {
        "branch" : "master",
        "revision" : "6132899533820b2650cca381e3776108241ccb10"
      }
    }
  ],
  "version" : 2
}
